
Microsoft Visual Studio Solution File, Format Version 12.00
# Visual Studio Version 16
VisualStudioVersion = 16.0.30128.74
MinimumVisualStudioVersion = 10.0.40219.1
Project("{9A19103F-16F7-4668-BE54-9A1E7A4F7556}") = "demoReactJs", "demoReactJs\demoReactJs.csproj", "{96FFD05E-35AE-46CE-B5B0-998013FA8176}"
EndProject
Project("{FAE04EC0-301F-11D3-BF4B-00C04F79EFBC}") = "NSTHSolutionData", "NSTHSolutionData\NSTHSolutionData.csproj", "{4BA8C00B-B7A4-4FD6-B506-74B8AA40ED05}"
EndProject
Project("{FAE04EC0-301F-11D3-BF4B-00C04F79EFBC}") = "NSTHApplication", "NSTHApplication\NSTHApplication.csproj", "{8724D3C0-7AF3-4003-94B5-86F785CA2CF8}"
EndProject
Global
	GlobalSection(SolutionConfigurationPlatforms) = preSolution
		Debug|Any CPU = Debug|Any CPU
		Release|Any CPU = Release|Any CPU
	EndGlobalSection
	GlobalSection(ProjectConfigurationPlatforms) = postSolution
		{96FFD05E-35AE-46CE-B5B0-998013FA8176}.Debug|Any CPU.ActiveCfg = Debug|Any CPU
		{96FFD05E-35AE-46CE-B5B0-998013FA8176}.Debug|Any CPU.Build.0 = Debug|Any CPU
		{96FFD05E-35AE-46CE-B5B0-998013FA8176}.Release|Any CPU.ActiveCfg = Release|Any CPU
		{96FFD05E-35AE-46CE-B5B0-998013FA8176}.Release|Any CPU.Build.0 = Release|Any CPU
		{4BA8C00B-B7A4-4FD6-B506-74B8AA40ED05}.Debug|Any CPU.ActiveCfg = Debug|Any CPU
		{4BA8C00B-B7A4-4FD6-B506-74B8AA40ED05}.Debug|Any CPU.Build.0 = Debug|Any CPU
		{4BA8C00B-B7A4-4FD6-B506-74B8AA40ED05}.Release|Any CPU.ActiveCfg = Release|Any CPU
		{4BA8C00B-B7A4-4FD6-B506-74B8AA40ED05}.Release|Any CPU.Build.0 = Release|Any CPU
		{8724D3C0-7AF3-4003-94B5-86F785CA2CF8}.Debug|Any CPU.ActiveCfg = Debug|Any CPU
		{8724D3C0-7AF3-4003-94B5-86F785CA2CF8}.Debug|Any CPU.Build.0 = Debug|Any CPU
		{8724D3C0-7AF3-4003-94B5-86F785CA2CF8}.Release|Any CPU.ActiveCfg = Release|Any CPU
		{8724D3C0-7AF3-4003-94B5-86F785CA2CF8}.Release|Any CPU.Build.0 = Release|Any CPU
	EndGlobalSection
	GlobalSection(SolutionProperties) = preSolution
		HideSolutionNode = FALSE
	EndGlobalSection
	GlobalSection(ExtensibilityGlobals) = postSolution
		SolutionGuid = {FB8478C7-7AF0-4EC4-9410-4B01C5416DA1}
	EndGlobalSection
EndGlobal
