
Microsoft Visual Studio Solution File, Format Version 12.00
# Visual Studio Version 16
VisualStudioVersion = 16.0.30128.74
MinimumVisualStudioVersion = 10.0.40219.1
Project("{9A19103F-16F7-4668-BE54-9A1E7A4F7556}") = "demoReactJs", "demoReactJs\demoReactJs.csproj", "{96FFD05E-35AE-46CE-B5B0-998013FA8176}"
EndProject
Project("{2150E333-8FDC-42A3-9474-1A3956D46DE8}") = "1 - Presentation", "1 - Presentation", "{8D3A0F14-13A7-4A71-AC8C-93B34A5E5A42}"
EndProject
Project("{2150E333-8FDC-42A3-9474-1A3956D46DE8}") = "2 - Application", "2 - Application", "{EF31A482-F190-4E5D-9A9B-EE3D7C6FCCFC}"
EndProject
Project("{2150E333-8FDC-42A3-9474-1A3956D46DE8}") = "3 - Domain", "3 - Domain", "{27D386BA-1DD7-4E1C-906F-D90866B59934}"
EndProject
Project("{2150E333-8FDC-42A3-9474-1A3956D46DE8}") = "4 - Infrastructure", "4 - Infrastructure", "{F9BA3BF6-8D67-41CD-82E9-725766CB8DCA}"
EndProject
Project("{FAE04EC0-301F-11D3-BF4B-00C04F79EFBC}") = "NSTHWebService", "NSTHWebService\NSTHWebService.csproj", "{54CC9AED-C0F6-4FAF-9872-0AEA46E9E6BD}"
EndProject
Global
	GlobalSection(SolutionConfigurationPlatforms) = preSolution
		Debug|Any CPU = Debug|Any CPU
		Release|Any CPU = Release|Any CPU
	EndGlobalSection
	GlobalSection(ProjectConfigurationPlatforms) = postSolution
		{96FFD05E-35AE-46CE-B5B0-998013FA8176}.Debug|Any CPU.ActiveCfg = Debug|Any CPU
		{96FFD05E-35AE-46CE-B5B0-998013FA8176}.Debug|Any CPU.Build.0 = Debug|Any CPU
		{96FFD05E-35AE-46CE-B5B0-998013FA8176}.Release|Any CPU.ActiveCfg = Release|Any CPU
		{96FFD05E-35AE-46CE-B5B0-998013FA8176}.Release|Any CPU.Build.0 = Release|Any CPU
		{54CC9AED-C0F6-4FAF-9872-0AEA46E9E6BD}.Debug|Any CPU.ActiveCfg = Debug|Any CPU
		{54CC9AED-C0F6-4FAF-9872-0AEA46E9E6BD}.Debug|Any CPU.Build.0 = Debug|Any CPU
		{54CC9AED-C0F6-4FAF-9872-0AEA46E9E6BD}.Release|Any CPU.ActiveCfg = Release|Any CPU
		{54CC9AED-C0F6-4FAF-9872-0AEA46E9E6BD}.Release|Any CPU.Build.0 = Release|Any CPU
	EndGlobalSection
	GlobalSection(SolutionProperties) = preSolution
		HideSolutionNode = FALSE
	EndGlobalSection
	GlobalSection(NestedProjects) = preSolution
		{96FFD05E-35AE-46CE-B5B0-998013FA8176} = {8D3A0F14-13A7-4A71-AC8C-93B34A5E5A42}
	EndGlobalSection
	GlobalSection(ExtensibilityGlobals) = postSolution
		SolutionGuid = {FB8478C7-7AF0-4EC4-9410-4B01C5416DA1}
	EndGlobalSection
EndGlobal
